// !$*UTF8*$!
{
	archiveVersion = 1;
	classes = {
	};
	objectVersion = 50;
	objects = {

/* Begin PBXBuildFile section */
		B39C87B224F9B4C70016D52B /* AppDelegate.swift in Sources */ = {isa = PBXBuildFile; fileRef = B39C87B124F9B4C70016D52B /* AppDelegate.swift */; };
		B39C87B424F9B4C70016D52B /* SceneDelegate.swift in Sources */ = {isa = PBXBuildFile; fileRef = B39C87B324F9B4C70016D52B /* SceneDelegate.swift */; };
		B39C87B624F9B4C70016D52B /* ViewController.swift in Sources */ = {isa = PBXBuildFile; fileRef = B39C87B524F9B4C70016D52B /* ViewController.swift */; };
		B39C87B924F9B4C70016D52B /* Main.storyboard in Resources */ = {isa = PBXBuildFile; fileRef = B39C87B724F9B4C70016D52B /* Main.storyboard */; };
		B39C87BB24F9B4C90016D52B /* Assets.xcassets in Resources */ = {isa = PBXBuildFile; fileRef = B39C87BA24F9B4C90016D52B /* Assets.xcassets */; };
		B39C87BE24F9B4C90016D52B /* LaunchScreen.storyboard in Resources */ = {isa = PBXBuildFile; fileRef = B39C87BC24F9B4C90016D52B /* LaunchScreen.storyboard */; };
		B39C87C624FBFCDA0016D52B /* AppearenceViewController.swift in Sources */ = {isa = PBXBuildFile; fileRef = B39C87C524FBFCDA0016D52B /* AppearenceViewController.swift */; };
		B39C87C824FBFD9E0016D52B /* InfoViewController.swift in Sources */ = {isa = PBXBuildFile; fileRef = B39C87C724FBFD9E0016D52B /* InfoViewController.swift */; };
/* End PBXBuildFile section */

/* Begin PBXFileReference section */
		B39C87AE24F9B4C70016D52B /* WeeklyDayFinder.app */ = {isa = PBXFileReference; explicitFileType = wrapper.application; includeInIndex = 0; path = WeeklyDayFinder.app; sourceTree = BUILT_PRODUCTS_DIR; };
		B39C87B124F9B4C70016D52B /* AppDelegate.swift */ = {isa = PBXFileReference; lastKnownFileType = sourcecode.swift; path = AppDelegate.swift; sourceTree = "<group>"; };
		B39C87B324F9B4C70016D52B /* SceneDelegate.swift */ = {isa = PBXFileReference; lastKnownFileType = sourcecode.swift; path = SceneDelegate.swift; sourceTree = "<group>"; };
		B39C87B524F9B4C70016D52B /* ViewController.swift */ = {isa = PBXFileReference; lastKnownFileType = sourcecode.swift; path = ViewController.swift; sourceTree = "<group>"; };
		B39C87B824F9B4C70016D52B /* Base */ = {isa = PBXFileReference; lastKnownFileType = file.storyboard; name = Base; path = Base.lproj/Main.storyboard; sourceTree = "<group>"; };
		B39C87BA24F9B4C90016D52B /* Assets.xcassets */ = {isa = PBXFileReference; lastKnownFileType = folder.assetcatalog; path = Assets.xcassets; sourceTree = "<group>"; };
		B39C87BD24F9B4C90016D52B /* Base */ = {isa = PBXFileReference; lastKnownFileType = file.storyboard; name = Base; path = Base.lproj/LaunchScreen.storyboard; sourceTree = "<group>"; };
		B39C87BF24F9B4C90016D52B /* Info.plist */ = {isa = PBXFileReference; lastKnownFileType = text.plist.xml; path = Info.plist; sourceTree = "<group>"; };
		B39C87C524FBFCDA0016D52B /* AppearenceViewController.swift */ = {isa = PBXFileReference; lastKnownFileType = sourcecode.swift; path = AppearenceViewController.swift; sourceTree = "<group>"; };
		B39C87C724FBFD9E0016D52B /* InfoViewController.swift */ = {isa = PBXFileReference; lastKnownFileType = sourcecode.swift; path = InfoViewController.swift; sourceTree = "<group>"; };
/* End PBXFileReference section */

/* Begin PBXFrameworksBuildPhase section */
		B39C87AB24F9B4C70016D52B /* Frameworks */ = {
			isa = PBXFrameworksBuildPhase;
			buildActionMask = 2147483647;
			files = (
			);
			runOnlyForDeploymentPostprocessing = 0;
		};
/* End PBXFrameworksBuildPhase section */

/* Begin PBXGroup section */
		B39C87A524F9B4C70016D52B = {
			isa = PBXGroup;
			children = (
				B39C87B024F9B4C70016D52B /* WeeklyDayFinder */,
				B39C87AF24F9B4C70016D52B /* Products */,
			);
			sourceTree = "<group>";
		};
		B39C87AF24F9B4C70016D52B /* Products */ = {
			isa = PBXGroup;
			children = (
				B39C87AE24F9B4C70016D52B /* WeeklyDayFinder.app */,
			);
			name = Products;
			sourceTree = "<group>";
		};
		B39C87B024F9B4C70016D52B /* WeeklyDayFinder */ = {
			isa = PBXGroup;
			children = (
				B39C87B124F9B4C70016D52B /* AppDelegate.swift */,
				B39C87B324F9B4C70016D52B /* SceneDelegate.swift */,
				B39C87B524F9B4C70016D52B /* ViewController.swift */,
				B39C87B724F9B4C70016D52B /* Main.storyboard */,
				B39C87C524FBFCDA0016D52B /* AppearenceViewController.swift */,
				B39C87C724FBFD9E0016D52B /* InfoViewController.swift */,
				B39C87BA24F9B4C90016D52B /* Assets.xcassets */,
				B39C87BC24F9B4C90016D52B /* LaunchScreen.storyboard */,
				B39C87BF24F9B4C90016D52B /* Info.plist */,
			);
			path = WeeklyDayFinder;
			sourceTree = "<group>";
		};
/* End PBXGroup section */

/* Begin PBXNativeTarget section */
		B39C87AD24F9B4C70016D52B /* WeeklyDayFinder */ = {
			isa = PBXNativeTarget;
			buildConfigurationList = B39C87C224F9B4C90016D52B /* Build configuration list for PBXNativeTarget "WeeklyDayFinder" */;
			buildPhases = (
				B39C87AA24F9B4C70016D52B /* Sources */,
				B39C87AB24F9B4C70016D52B /* Frameworks */,
				B39C87AC24F9B4C70016D52B /* Resources */,
			);
			buildRules = (
			);
			dependencies = (
			);
			name = WeeklyDayFinder;
			productName = WeeklyDayFinder;
			productReference = B39C87AE24F9B4C70016D52B /* WeeklyDayFinder.app */;
			productType = "com.apple.product-type.application";
		};
/* End PBXNativeTarget section */

/* Begin PBXProject section */
		B39C87A624F9B4C70016D52B /* Project object */ = {
			isa = PBXProject;
			attributes = {
				LastSwiftUpdateCheck = 1160;
				LastUpgradeCheck = 1160;
				ORGANIZATIONNAME = justine.janaite;
				TargetAttributes = {
					B39C87AD24F9B4C70016D52B = {
						CreatedOnToolsVersion = 11.6;
					};
				};
			};
			buildConfigurationList = B39C87A924F9B4C70016D52B /* Build configuration list for PBXProject "WeeklyDayFinder" */;
			compatibilityVersion = "Xcode 9.3";
			developmentRegion = en;
			hasScannedForEncodings = 0;
			knownRegions = (
				en,
				Base,
			);
			mainGroup = B39C87A524F9B4C70016D52B;
			productRefGroup = B39C87AF24F9B4C70016D52B /* Products */;
			projectDirPath = "";
			projectRoot = "";
			targets = (
				B39C87AD24F9B4C70016D52B /* WeeklyDayFinder */,
			);
		};
/* End PBXProject section */

/* Begin PBXResourcesBuildPhase section */
		B39C87AC24F9B4C70016D52B /* Resources */ = {
			isa = PBXResourcesBuildPhase;
			buildActionMask = 2147483647;
			files = (
				B39C87BE24F9B4C90016D52B /* LaunchScreen.storyboard in Resources */,
				B39C87BB24F9B4C90016D52B /* Assets.xcassets in Resources */,
				B39C87B924F9B4C70016D52B /* Main.storyboard in Resources */,
			);
			runOnlyForDeploymentPostprocessing = 0;
		};
/* End PBXResourcesBuildPhase section */

/* Begin PBXSourcesBuildPhase section */
		B39C87AA24F9B4C70016D52B /* Sources */ = {
			isa = PBXSourcesBuildPhase;
			buildActionMask = 2147483647;
			files = (
				B39C87C624FBFCDA0016D52B /* AppearenceViewController.swift in Sources */,
				B39C87B624F9B4C70016D52B /* ViewController.swift in Sources */,
				B39C87B224F9B4C70016D52B /* AppDelegate.swift in Sources */,
				B39C87B424F9B4C70016D52B /* SceneDelegate.swift in Sources */,
				B39C87C824FBFD9E0016D52B /* InfoViewController.swift in Sources */,
			);
			runOnlyForDeploymentPostprocessing = 0;
		};
/* End PBXSourcesBuildPhase section */

/* Begin PBXVariantGroup section */
		B39C87B724F9B4C70016D52B /* Main.storyboard */ = {
			isa = PBXVariantGroup;
			children = (
				B39C87B824F9B4C70016D52B /* Base */,
			);
			name = Main.storyboard;
			sourceTree = "<group>";
		};
		B39C87BC24F9B4C90016D52B /* LaunchScreen.storyboard */ = {
			isa = PBXVariantGroup;
			children = (
				B39C87BD24F9B4C90016D52B /* Base */,
			);
			name = LaunchScreen.storyboard;
			sourceTree = "<group>";
		};
/* End PBXVariantGroup section */

/* Begin XCBuildConfiguration section */
		B39C87C024F9B4C90016D52B /* Debug */ = {
			isa = XCBuildConfiguration;
			buildSettings = {
				ALWAYS_SEARCH_USER_PATHS = NO;
				CLANG_ANALYZER_NONNULL = YES;
				CLANG_ANALYZER_NUMBER_OBJECT_CONVERSION = YES_AGGRESSIVE;
				CLANG_CXX_LANGUAGE_STANDARD = "gnu++14";
				CLANG_CXX_LIBRARY = "libc++";
				CLANG_ENABLE_MODULES = YES;
				CLANG_ENABLE_OBJC_ARC = YES;
				CLANG_ENABLE_OBJC_WEAK = YES;
				CLANG_WARN_BLOCK_CAPTURE_AUTORELEASING = YES;
				CLANG_WARN_BOOL_CONVERSION = YES;
				CLANG_WARN_COMMA = YES;
				CLANG_WARN_CONSTANT_CONVERSION = YES;
				CLANG_WARN_DEPRECATED_OBJC_IMPLEMENTATIONS = YES;
				CLANG_WARN_DIRECT_OBJC_ISA_USAGE = YES_ERROR;
				CLANG_WARN_DOCUMENTATION_COMMENTS = YES;
				CLANG_WARN_EMPTY_BODY = YES;
				CLANG_WARN_ENUM_CONVERSION = YES;
				CLANG_WARN_INFINITE_RECURSION = YES;
				CLANG_WARN_INT_CONVERSION = YES;
				CLANG_WARN_NON_LITERAL_NULL_CONVERSION = YES;
				CLANG_WARN_OBJC_IMPLICIT_RETAIN_SELF = YES;
				CLANG_WARN_OBJC_LITERAL_CONVERSION = YES;
				CLANG_WARN_OBJC_ROOT_CLASS = YES_ERROR;
				CLANG_WARN_RANGE_LOOP_ANALYSIS = YES;
				CLANG_WARN_STRICT_PROTOTYPES = YES;
				CLANG_WARN_SUSPICIOUS_MOVE = YES;
				CLANG_WARN_UNGUARDED_AVAILABILITY = YES_AGGRESSIVE;
				CLANG_WARN_UNREACHABLE_CODE = YES;
				CLANG_WARN__DUPLICATE_METHOD_MATCH = YES;
				COPY_PHASE_STRIP = NO;
				DEBUG_INFORMATION_FORMAT = dwarf;
				ENABLE_STRICT_OBJC_MSGSEND = YES;
				ENABLE_TESTABILITY = YES;
				GCC_C_LANGUAGE_STANDARD = gnu11;
				GCC_DYNAMIC_NO_PIC = NO;
				GCC_NO_COMMON_BLOCKS = YES;
				GCC_OPTIMIZATION_LEVEL = 0;
				GCC_PREPROCESSOR_DEFINITIONS = (
					"DEBUG=1",
					"$(inherited)",
				);
				GCC_WARN_64_TO_32_BIT_CONVERSION = YES;
				GCC_WARN_ABOUT_RETURN_TYPE = YES_ERROR;
				GCC_WARN_UNDECLARED_SELECTOR = YES;
				GCC_WARN_UNINITIALIZED_AUTOS = YES_AGGRESSIVE;
				GCC_WARN_UNUSED_FUNCTION = YES;
				GCC_WARN_UNUSED_VARIABLE = YES;
				IPHONEOS_DEPLOYMENT_TARGET = 13.6;
				MTL_ENABLE_DEBUG_INFO = INCLUDE_SOURCE;
				MTL_FAST_MATH = YES;
				ONLY_ACTIVE_ARCH = YES;
				SDKROOT = iphoneos;
				SWIFT_ACTIVE_COMPILATION_CONDITIONS = DEBUG;
				SWIFT_OPTIMIZATION_LEVEL = "-Onone";
			};
			name = Debug;
		};
		B39C87C124F9B4C90016D52B /* Release */ = {
			isa = XCBuildConfiguration;
			buildSettings = {
				ALWAYS_SEARCH_USER_PATHS = NO;
				CLANG_ANALYZER_NONNULL = YES;
				CLANG_ANALYZER_NUMBER_OBJECT_CONVERSION = YES_AGGRESSIVE;
				CLANG_CXX_LANGUAGE_STANDARD = "gnu++14";
				CLANG_CXX_LIBRARY = "libc++";
				CLANG_ENABLE_MODULES = YES;
				CLANG_ENABLE_OBJC_ARC = YES;
				CLANG_ENABLE_OBJC_WEAK = YES;
				CLANG_WARN_BLOCK_CAPTURE_AUTORELEASING = YES;
				CLANG_WARN_BOOL_CONVERSION = YES;
				CLANG_WARN_COMMA = YES;
				CLANG_WARN_CONSTANT_CONVERSION = YES;
				CLANG_WARN_DEPRECATED_OBJC_IMPLEMENTATIONS = YES;
				CLANG_WARN_DIRECT_OBJC_ISA_USAGE = YES_ERROR;
				CLANG_WARN_DOCUMENTATION_COMMENTS = YES;
				CLANG_WARN_EMPTY_BODY = YES;
				CLANG_WARN_ENUM_CONVERSION = YES;
				CLANG_WARN_INFINITE_RECURSION = YES;
				CLANG_WARN_INT_CONVERSION = YES;
				CLANG_WARN_NON_LITERAL_NULL_CONVERSION = YES;
				CLANG_WARN_OBJC_IMPLICIT_RETAIN_SELF = YES;
				CLANG_WARN_OBJC_LITERAL_CONVERSION = YES;
				CLANG_WARN_OBJC_ROOT_CLASS = YES_ERROR;
				CLANG_WARN_RANGE_LOOP_ANALYSIS = YES;
				CLANG_WARN_STRICT_PROTOTYPES = YES;
				CLANG_WARN_SUSPICIOUS_MOVE = YES;
				CLANG_WARN_UNGUARDED_AVAILABILITY = YES_AGGRESSIVE;
				CLANG_WARN_UNREACHABLE_CODE = YES;
				CLANG_WARN__DUPLICATE_METHOD_MATCH = YES;
				COPY_PHASE_STRIP = NO;
				DEBUG_INFORMATION_FORMAT = "dwarf-with-dsym";
				ENABLE_NS_ASSERTIONS = NO;
				ENABLE_STRICT_OBJC_MSGSEND = YES;
				GCC_C_LANGUAGE_STANDARD = gnu11;
				GCC_NO_COMMON_BLOCKS = YES;
				GCC_WARN_64_TO_32_BIT_CONVERSION = YES;
				GCC_WARN_ABOUT_RETURN_TYPE = YES_ERROR;
				GCC_WARN_UNDECLARED_SELECTOR = YES;
				GCC_WARN_UNINITIALIZED_AUTOS = YES_AGGRESSIVE;
				GCC_WARN_UNUSED_FUNCTION = YES;
				GCC_WARN_UNUSED_VARIABLE = YES;
				IPHONEOS_DEPLOYMENT_TARGET = 13.6;
				MTL_ENABLE_DEBUG_INFO = NO;
				MTL_FAST_MATH = YES;
				SDKROOT = iphoneos;
				SWIFT_COMPILATION_MODE = wholemodule;
				SWIFT_OPTIMIZATION_LEVEL = "-O";
				VALIDATE_PRODUCT = YES;
			};
			name = Release;
		};
		B39C87C324F9B4C90016D52B /* Debug */ = {
			isa = XCBuildConfiguration;
			buildSettings = {
				ASSETCATALOG_COMPILER_APPICON_NAME = AppIcon;
				CODE_SIGN_STYLE = Automatic;
				INFOPLIST_FILE = WeeklyDayFinder/Info.plist;
				LD_RUNPATH_SEARCH_PATHS = (
					"$(inherited)",
					"@executable_path/Frameworks",
				);
				PRODUCT_BUNDLE_IDENTIFIER = com.justineapp.WeeklyDayFinder;
				PRODUCT_NAME = "$(TARGET_NAME)";
				SWIFT_VERSION = 5.0;
				TARGETED_DEVICE_FAMILY = "1,2";
			};
			name = Debug;
		};
		B39C87C424F9B4C90016D52B /* Release */ = {
			isa = XCBuildConfiguration;
			buildSettings = {
				ASSETCATALOG_COMPILER_APPICON_NAME = AppIcon;
				CODE_SIGN_STYLE = Automatic;
				INFOPLIST_FILE = WeeklyDayFinder/Info.plist;
				LD_RUNPATH_SEARCH_PATHS = (
					"$(inherited)",
					"@executable_path/Frameworks",
				);
				PRODUCT_BUNDLE_IDENTIFIER = com.justineapp.WeeklyDayFinder;
				PRODUCT_NAME = "$(TARGET_NAME)";
				SWIFT_VERSION = 5.0;
				TARGETED_DEVICE_FAMILY = "1,2";
			};
			name = Release;
		};
/* End XCBuildConfiguration section */

/* Begin XCConfigurationList section */
		B39C87A924F9B4C70016D52B /* Build configuration list for PBXProject "WeeklyDayFinder" */ = {
			isa = XCConfigurationList;
			buildConfigurations = (
				B39C87C024F9B4C90016D52B /* Debug */,
				B39C87C124F9B4C90016D52B /* Release */,
			);
			defaultConfigurationIsVisible = 0;
			defaultConfigurationName = Release;
		};
		B39C87C224F9B4C90016D52B /* Build configuration list for PBXNativeTarget "WeeklyDayFinder" */ = {
			isa = XCConfigurationList;
			buildConfigurations = (
				B39C87C324F9B4C90016D52B /* Debug */,
				B39C87C424F9B4C90016D52B /* Release */,
			);
			defaultConfigurationIsVisible = 0;
			defaultConfigurationName = Release;
		};
/* End XCConfigurationList section */
	};
	rootObject = B39C87A624F9B4C70016D52B /* Project object */;
}
